
Microsoft Visual Studio Solution File, Format Version 12.00
# Visual Studio Version 16
VisualStudioVersion = 16.0.31410.357
MinimumVisualStudioVersion = 10.0.40219.1
Project("{FAE04EC0-301F-11D3-BF4B-00C04F79EFBC}") = "Entidades", "Entidades\Entidades\Entidades.csproj", "{7555C2D3-7371-4FED-90E6-BC296D0BC72C}"
EndProject
Project("{FAE04EC0-301F-11D3-BF4B-00C04F79EFBC}") = "Negocios", "Negocios\Negocios\Negocios.csproj", "{D3F5730D-53BA-42EF-9B66-8F17E5012FF6}"
EndProject
Project("{FAE04EC0-301F-11D3-BF4B-00C04F79EFBC}") = "WebApi_inspeccionesPert", "WebApi_inspeccionesPert\WebApi_inspeccionesPert.csproj", "{7E2E86EF-7EC3-4CCD-AA33-12BAD2C4684F}"
EndProject
Global
	GlobalSection(SolutionConfigurationPlatforms) = preSolution
		Debug|Any CPU = Debug|Any CPU
		Release|Any CPU = Release|Any CPU
	EndGlobalSection
	GlobalSection(ProjectConfigurationPlatforms) = postSolution
		{7555C2D3-7371-4FED-90E6-BC296D0BC72C}.Debug|Any CPU.ActiveCfg = Debug|Any CPU
		{7555C2D3-7371-4FED-90E6-BC296D0BC72C}.Debug|Any CPU.Build.0 = Debug|Any CPU
		{7555C2D3-7371-4FED-90E6-BC296D0BC72C}.Release|Any CPU.ActiveCfg = Release|Any CPU
		{7555C2D3-7371-4FED-90E6-BC296D0BC72C}.Release|Any CPU.Build.0 = Release|Any CPU
		{D3F5730D-53BA-42EF-9B66-8F17E5012FF6}.Debug|Any CPU.ActiveCfg = Debug|Any CPU
		{D3F5730D-53BA-42EF-9B66-8F17E5012FF6}.Debug|Any CPU.Build.0 = Debug|Any CPU
		{D3F5730D-53BA-42EF-9B66-8F17E5012FF6}.Release|Any CPU.ActiveCfg = Release|Any CPU
		{D3F5730D-53BA-42EF-9B66-8F17E5012FF6}.Release|Any CPU.Build.0 = Release|Any CPU
		{7E2E86EF-7EC3-4CCD-AA33-12BAD2C4684F}.Debug|Any CPU.ActiveCfg = Debug|Any CPU
		{7E2E86EF-7EC3-4CCD-AA33-12BAD2C4684F}.Debug|Any CPU.Build.0 = Debug|Any CPU
		{7E2E86EF-7EC3-4CCD-AA33-12BAD2C4684F}.Release|Any CPU.ActiveCfg = Release|Any CPU
		{7E2E86EF-7EC3-4CCD-AA33-12BAD2C4684F}.Release|Any CPU.Build.0 = Release|Any CPU
	EndGlobalSection
	GlobalSection(SolutionProperties) = preSolution
		HideSolutionNode = FALSE
	EndGlobalSection
	GlobalSection(ExtensibilityGlobals) = postSolution
		SolutionGuid = {4E7F82EA-8255-48BB-8C42-D20C6A07FD9F}
	EndGlobalSection
EndGlobal
